version = 1
revision = 2
requires-python = ">=3.13.4"

[[package]]
name = "convert-mpp-to-excel"
version = "1.0.0"
source = { virtual = "." }
dependencies = [
    { name = "jpype1" },
    { name = "mpxj" },
    { name = "openpyxl" },
    { name = "pyreadline3" },
]

[package.metadata]
requires-dist = [
    { name = "jpype1", specifier = ">=1.5.2" },
    { name = "mpxj", specifier = ">=14.1.0" },
    { name = "openpyxl", specifier = ">=3.1.5" },
    { name = "pyreadline3", specifier = ">=3.5.4" },
]

[[package]]
name = "et-xmlfile"
version = "2.0.0"
source = { registry = "https://pypi.org/simple" }
sdist = { url = "https://files.pythonhosted.org/packages/d3/38/af70d7ab1ae9d4da450eeec1fa3918940a5fafb9055e934af8d6eb0c2313/et_xmlfile-2.0.0.tar.gz", hash = "sha256:dab3f4764309081ce75662649be815c4c9081e88f0837825f90fd28317d4da54", size = 17234, upload-time = "2024-10-25T17:25:40.039Z" }
wheels = [
    { url = "https://files.pythonhosted.org/packages/c1/8b/5fe2cc11fee489817272089c4203e679c63b570a5aaeb18d852ae3cbba6a/et_xmlfile-2.0.0-py3-none-any.whl", hash = "sha256:7a91720bc756843502c3b7504c77b8fe44217c85c537d85037f0f536151b2caa", size = 18059, upload-time = "2024-10-25T17:25:39.051Z" },
]

[[package]]
name = "jpype1"
version = "1.5.2"
source = { registry = "https://pypi.org/simple" }
dependencies = [
    { name = "packaging" },
]
sdist = { url = "https://files.pythonhosted.org/packages/bd/68/47fa634cbd0418cbca86355e9421425f5892ee994f7338106327e49f9117/jpype1-1.5.2.tar.gz", hash = "sha256:74a42eccf21d30394c1832aec3985a14965fa5320da087b65029d172c0cec43b", size = 1011421, upload-time = "2025-01-27T10:33:16.738Z" }
wheels = [
    { url = "https://files.pythonhosted.org/packages/76/be/b37005bec457b94eaaf637a663073b7c5df70113fd4ae4865f6e386c612f/jpype1-1.5.2-cp313-cp313-macosx_10_13_universal2.whl", hash = "sha256:4acb098cb1698b14b6e5c79e275f4c70dcc01b0fb93425f206d0a5e380e43c66", size = 583600, upload-time = "2025-01-27T10:34:40.865Z" },
    { url = "https://files.pythonhosted.org/packages/20/a3/00a265d424f7d47e0dc547df2320225ce0143fec671faf710def41404b8c/jpype1-1.5.2-cp313-cp313-manylinux_2_17_aarch64.manylinux2014_aarch64.whl", hash = "sha256:c08480c7d18125664a12bf0a244b96b49c05105306b65937dbefeb05ab4b2847", size = 466426, upload-time = "2025-01-27T10:34:42.592Z" },
    { url = "https://files.pythonhosted.org/packages/0e/cd/890d9ed43d7e1366e151c0ed7046e59f6c1cb7ecfc8ecfefe9e5e79f8420/jpype1-1.5.2-cp313-cp313-manylinux_2_17_i686.manylinux2014_i686.whl", hash = "sha256:6819f231c651ef876ffb23158083ea498ff80b57c46da537148412aa22235a13", size = 509513, upload-time = "2025-01-27T10:34:44.538Z" },
    { url = "https://files.pythonhosted.org/packages/6d/d0/191db2e9ab6ae7029368a488c9d88235966843b185aba7925e54aa0c0013/jpype1-1.5.2-cp313-cp313-manylinux_2_17_x86_64.manylinux2014_x86_64.whl", hash = "sha256:42fe8db66ad4e5c66f637f5c4de82fca880ba696104e1f4a7e575885923dead8", size = 493474, upload-time = "2025-01-27T10:34:46.37Z" },
    { url = "https://files.pythonhosted.org/packages/e3/b7/e1787633b41d609320b41d0dd87fe3118598210609e4e3f6cef93cfcef40/jpype1-1.5.2-cp313-cp313-win_amd64.whl", hash = "sha256:2b96365f1302df2fb3c6ad73117d6fe450a55b7550fd7fecadac3cec5bc7117c", size = 356150, upload-time = "2025-01-27T10:34:56.58Z" },
    { url = "https://files.pythonhosted.org/packages/a8/c8/76541ffefa6fc4ee7a3a8c7e6d9e376f5ac8980a47ff31a8c330ffbb5dcf/jpype1-1.5.2-cp313-cp313t-manylinux_2_17_aarch64.manylinux2014_aarch64.whl", hash = "sha256:4ea5001f6a7a42be6f5f500dcb20dad5738fef6a7d19c86dbcf482b803f01cab", size = 468412, upload-time = "2025-01-27T10:34:49.155Z" },
    { url = "https://files.pythonhosted.org/packages/be/6f/827ca43aaa5ea6b773aa90b405acec22bd152d1284aa40f7c0c02bc1657b/jpype1-1.5.2-cp313-cp313t-manylinux_2_17_i686.manylinux2014_i686.whl", hash = "sha256:220d33305998ff7a7cbc9c0b5eea54f2691fdc21e60d52ad56276ea13fd5bd4c", size = 511322, upload-time = "2025-01-27T10:34:52.832Z" },
    { url = "https://files.pythonhosted.org/packages/76/37/f1396d7b66f9b6867a279db510e625ba51c8a4b4397f59a6c2b20fb55548/jpype1-1.5.2-cp313-cp313t-manylinux_2_17_x86_64.manylinux2014_x86_64.whl", hash = "sha256:6f1ed152fdd5200067dc0cdcd4683530b87a6be3987b98596cdf5a7d3ac4c679", size = 494714, upload-time = "2025-01-27T10:34:54.785Z" },
]

[[package]]
name = "mpxj"
version = "14.1.0"
source = { registry = "https://pypi.org/simple" }
sdist = { url = "https://files.pythonhosted.org/packages/41/43/9f23cb42b4d1f160651ec9738c23a2c3362bf1e6e998c080446a353b836a/mpxj-14.1.0.tar.gz", hash = "sha256:c635520ab21c5e589f9a38f6bcc738381550ebde782b875403abbeb5b23b99e9", size = 26867704, upload-time = "2025-06-05T08:12:34.033Z" }
wheels = [
    { url = "https://files.pythonhosted.org/packages/78/99/e987fd433d35aa0de249bb7aec38cde8517facd04f412ffc44de382a83fa/mpxj-14.1.0-py3-none-any.whl", hash = "sha256:cd5c09216c0fb234c4ef2c76a3b7891aa284740e20ff06db2e04727486738c00", size = 26881468, upload-time = "2025-06-05T08:12:16.447Z" },
]

[[package]]
name = "openpyxl"
version = "3.1.5"
source = { registry = "https://pypi.org/simple" }
dependencies = [
    { name = "et-xmlfile" },
]
sdist = { url = "https://files.pythonhosted.org/packages/3d/f9/88d94a75de065ea32619465d2f77b29a0469500e99012523b91cc4141cd1/openpyxl-3.1.5.tar.gz", hash = "sha256:cf0e3cf56142039133628b5acffe8ef0c12bc902d2aadd3e0fe5878dc08d1050", size = 186464, upload-time = "2024-06-28T14:03:44.161Z" }
wheels = [
    { url = "https://files.pythonhosted.org/packages/c0/da/977ded879c29cbd04de313843e76868e6e13408a94ed6b987245dc7c8506/openpyxl-3.1.5-py2.py3-none-any.whl", hash = "sha256:5282c12b107bffeef825f4617dc029afaf41d0ea60823bbb665ef3079dc79de2", size = 250910, upload-time = "2024-06-28T14:03:41.161Z" },
]

[[package]]
name = "packaging"
version = "25.0"
source = { registry = "https://pypi.org/simple" }
sdist = { url = "https://files.pythonhosted.org/packages/a1/d4/1fc4078c65507b51b96ca8f8c3ba19e6a61c8253c72794544580a7b6c24d/packaging-25.0.tar.gz", hash = "sha256:d443872c98d677bf60f6a1f2f8c1cb748e8fe762d2bf9d3148b5599295b0fc4f", size = 165727, upload-time = "2025-04-19T11:48:59.673Z" }
wheels = [
    { url = "https://files.pythonhosted.org/packages/20/12/38679034af332785aac8774540895e234f4d07f7545804097de4b666afd8/packaging-25.0-py3-none-any.whl", hash = "sha256:29572ef2b1f17581046b3a2227d5c611fb25ec70ca1ba8554b24b0e69331a484", size = 66469, upload-time = "2025-04-19T11:48:57.875Z" },
]

[[package]]
name = "pyreadline3"
version = "3.5.4"
source = { registry = "https://pypi.org/simple" }
sdist = { url = "https://files.pythonhosted.org/packages/0f/49/4cea918a08f02817aabae639e3d0ac046fef9f9180518a3ad394e22da148/pyreadline3-3.5.4.tar.gz", hash = "sha256:8d57d53039a1c75adba8e50dd3d992b28143480816187ea5efbd5c78e6c885b7", size = 99839, upload-time = "2024-09-19T02:40:10.062Z" }
wheels = [
    { url = "https://files.pythonhosted.org/packages/5a/dc/491b7661614ab97483abf2056be1deee4dc2490ecbf7bff9ab5cdbac86e1/pyreadline3-3.5.4-py3-none-any.whl", hash = "sha256:eaf8e6cc3c49bcccf145fc6067ba8643d1df34d604a1ec0eccbf7a18e6d3fae6", size = 83178, upload-time = "2024-09-19T02:40:08.598Z" },
]
